
Microsoft Visual Studio Solution File, Format Version 12.00
# Visual Studio Version 16
VisualStudioVersion = 16.0.31702.278
MinimumVisualStudioVersion = 10.0.40219.1
Project("{FAE04EC0-301F-11D3-BF4B-00C04F79EFBC}") = "ToDoList", "ToDoList.csproj", "{C7410838-3632-40C4-91A9-C543F59EA17E}"
EndProject
Project("{FAE04EC0-301F-11D3-BF4B-00C04F79EFBC}") = "ToDoList.BL", "ToDoList.BL\ToDoList.BL.csproj", "{79127C2A-CB98-4EE8-98B9-F181687DAADC}"
EndProject
Project("{54435603-DBB4-11D2-8724-00A0C9A8B90C}") = "Setup1", "Setup1\Setup1.vdproj", "{77BD886E-F8F7-4779-953F-541A49410C2D}"
EndProject
Global
	GlobalSection(SolutionConfigurationPlatforms) = preSolution
		Debug|Any CPU = Debug|Any CPU
		Release|Any CPU = Release|Any CPU
	EndGlobalSection
	GlobalSection(ProjectConfigurationPlatforms) = postSolution
		{C7410838-3632-40C4-91A9-C543F59EA17E}.Debug|Any CPU.ActiveCfg = Debug|Any CPU
		{C7410838-3632-40C4-91A9-C543F59EA17E}.Debug|Any CPU.Build.0 = Debug|Any CPU
		{C7410838-3632-40C4-91A9-C543F59EA17E}.Release|Any CPU.ActiveCfg = Release|Any CPU
		{C7410838-3632-40C4-91A9-C543F59EA17E}.Release|Any CPU.Build.0 = Release|Any CPU
		{79127C2A-CB98-4EE8-98B9-F181687DAADC}.Debug|Any CPU.ActiveCfg = Debug|Any CPU
		{79127C2A-CB98-4EE8-98B9-F181687DAADC}.Debug|Any CPU.Build.0 = Debug|Any CPU
		{79127C2A-CB98-4EE8-98B9-F181687DAADC}.Release|Any CPU.ActiveCfg = Release|Any CPU
		{79127C2A-CB98-4EE8-98B9-F181687DAADC}.Release|Any CPU.Build.0 = Release|Any CPU
		{77BD886E-F8F7-4779-953F-541A49410C2D}.Debug|Any CPU.ActiveCfg = Debug
		{77BD886E-F8F7-4779-953F-541A49410C2D}.Release|Any CPU.ActiveCfg = Release
	EndGlobalSection
	GlobalSection(SolutionProperties) = preSolution
		HideSolutionNode = FALSE
	EndGlobalSection
	GlobalSection(ExtensibilityGlobals) = postSolution
		SolutionGuid = {A384B2FF-EE73-496C-8809-5C996CDC5A97}
	EndGlobalSection
EndGlobal
